
Microsoft Visual Studio Solution File, Format Version 12.00
# Visual Studio Version 16
VisualStudioVersion = 16.0.30804.86
MinimumVisualStudioVersion = 10.0.40219.1
Project("{FAE04EC0-301F-11D3-BF4B-00C04F79EFBC}") = "Task056", "Task056\Task056.csproj", "{88019989-A463-4F53-8966-4F65181EFFC3}"
EndProject
Project("{9A19103F-16F7-4668-BE54-9A1E7A4F7556}") = "Utilities", "..\Utilities\Utilities\Utilities.csproj", "{9B176273-DFC7-4F91-8622-16BE8A72BF53}"
EndProject
Global
	GlobalSection(SolutionConfigurationPlatforms) = preSolution
		Debug|Any CPU = Debug|Any CPU
		Release|Any CPU = Release|Any CPU
	EndGlobalSection
	GlobalSection(ProjectConfigurationPlatforms) = postSolution
		{88019989-A463-4F53-8966-4F65181EFFC3}.Debug|Any CPU.ActiveCfg = Debug|Any CPU
		{88019989-A463-4F53-8966-4F65181EFFC3}.Debug|Any CPU.Build.0 = Debug|Any CPU
		{88019989-A463-4F53-8966-4F65181EFFC3}.Release|Any CPU.ActiveCfg = Release|Any CPU
		{88019989-A463-4F53-8966-4F65181EFFC3}.Release|Any CPU.Build.0 = Release|Any CPU
		{9B176273-DFC7-4F91-8622-16BE8A72BF53}.Debug|Any CPU.ActiveCfg = Debug|Any CPU
		{9B176273-DFC7-4F91-8622-16BE8A72BF53}.Debug|Any CPU.Build.0 = Debug|Any CPU
		{9B176273-DFC7-4F91-8622-16BE8A72BF53}.Release|Any CPU.ActiveCfg = Release|Any CPU
		{9B176273-DFC7-4F91-8622-16BE8A72BF53}.Release|Any CPU.Build.0 = Release|Any CPU
	EndGlobalSection
	GlobalSection(SolutionProperties) = preSolution
		HideSolutionNode = FALSE
	EndGlobalSection
	GlobalSection(ExtensibilityGlobals) = postSolution
		SolutionGuid = {70E85989-32AA-43B8-BD66-D41FB5157727}
	EndGlobalSection
EndGlobal
