
Microsoft Visual Studio Solution File, Format Version 12.00
# Visual Studio Version 16
VisualStudioVersion = 16.0.30611.23
MinimumVisualStudioVersion = 10.0.40219.1
Project("{FAE04EC0-301F-11D3-BF4B-00C04F79EFBC}") = "Task025", "Task025\Task025.csproj", "{BD745318-E471-4D96-8F9D-CB1D21FA20B6}"
EndProject
Global
	GlobalSection(SolutionConfigurationPlatforms) = preSolution
		Debug|Any CPU = Debug|Any CPU
		Release|Any CPU = Release|Any CPU
	EndGlobalSection
	GlobalSection(ProjectConfigurationPlatforms) = postSolution
		{BD745318-E471-4D96-8F9D-CB1D21FA20B6}.Debug|Any CPU.ActiveCfg = Debug|Any CPU
		{BD745318-E471-4D96-8F9D-CB1D21FA20B6}.Debug|Any CPU.Build.0 = Debug|Any CPU
		{BD745318-E471-4D96-8F9D-CB1D21FA20B6}.Release|Any CPU.ActiveCfg = Release|Any CPU
		{BD745318-E471-4D96-8F9D-CB1D21FA20B6}.Release|Any CPU.Build.0 = Release|Any CPU
	EndGlobalSection
	GlobalSection(SolutionProperties) = preSolution
		HideSolutionNode = FALSE
	EndGlobalSection
	GlobalSection(ExtensibilityGlobals) = postSolution
		SolutionGuid = {5FC510E1-A6BC-4E3B-819A-84D09B01FCDF}
	EndGlobalSection
EndGlobal
