
Microsoft Visual Studio Solution File, Format Version 12.00
# Visual Studio Version 16
VisualStudioVersion = 16.0.30804.86
MinimumVisualStudioVersion = 10.0.40219.1
Project("{FAE04EC0-301F-11D3-BF4B-00C04F79EFBC}") = "Task050", "Task050\Task050.csproj", "{ADA71BCB-491B-4073-B836-C1FC5E98717D}"
EndProject
Project("{9A19103F-16F7-4668-BE54-9A1E7A4F7556}") = "Utilities", "..\Utilities\Utilities\Utilities.csproj", "{9AE89BEA-5C1F-4C6A-8074-0E9883B32102}"
EndProject
Global
	GlobalSection(SolutionConfigurationPlatforms) = preSolution
		Debug|Any CPU = Debug|Any CPU
		Release|Any CPU = Release|Any CPU
	EndGlobalSection
	GlobalSection(ProjectConfigurationPlatforms) = postSolution
		{ADA71BCB-491B-4073-B836-C1FC5E98717D}.Debug|Any CPU.ActiveCfg = Debug|Any CPU
		{ADA71BCB-491B-4073-B836-C1FC5E98717D}.Debug|Any CPU.Build.0 = Debug|Any CPU
		{ADA71BCB-491B-4073-B836-C1FC5E98717D}.Release|Any CPU.ActiveCfg = Release|Any CPU
		{ADA71BCB-491B-4073-B836-C1FC5E98717D}.Release|Any CPU.Build.0 = Release|Any CPU
		{9AE89BEA-5C1F-4C6A-8074-0E9883B32102}.Debug|Any CPU.ActiveCfg = Debug|Any CPU
		{9AE89BEA-5C1F-4C6A-8074-0E9883B32102}.Debug|Any CPU.Build.0 = Debug|Any CPU
		{9AE89BEA-5C1F-4C6A-8074-0E9883B32102}.Release|Any CPU.ActiveCfg = Release|Any CPU
		{9AE89BEA-5C1F-4C6A-8074-0E9883B32102}.Release|Any CPU.Build.0 = Release|Any CPU
	EndGlobalSection
	GlobalSection(SolutionProperties) = preSolution
		HideSolutionNode = FALSE
	EndGlobalSection
	GlobalSection(ExtensibilityGlobals) = postSolution
		SolutionGuid = {DF6F7905-31AE-44DD-A27B-9FEAD280A4AC}
	EndGlobalSection
EndGlobal
