
Microsoft Visual Studio Solution File, Format Version 12.00
# Visual Studio Version 16
VisualStudioVersion = 16.0.30804.86
MinimumVisualStudioVersion = 10.0.40219.1
Project("{FAE04EC0-301F-11D3-BF4B-00C04F79EFBC}") = "Task048", "Task048\Task048.csproj", "{F6DDDA1D-A6EE-4892-994B-D449073B212A}"
EndProject
Project("{9A19103F-16F7-4668-BE54-9A1E7A4F7556}") = "Utilities", "..\Utilities\Utilities\Utilities.csproj", "{C025EF67-C24B-4A3F-8C4D-ED07CF27384C}"
EndProject
Global
	GlobalSection(SolutionConfigurationPlatforms) = preSolution
		Debug|Any CPU = Debug|Any CPU
		Release|Any CPU = Release|Any CPU
	EndGlobalSection
	GlobalSection(ProjectConfigurationPlatforms) = postSolution
		{F6DDDA1D-A6EE-4892-994B-D449073B212A}.Debug|Any CPU.ActiveCfg = Debug|Any CPU
		{F6DDDA1D-A6EE-4892-994B-D449073B212A}.Debug|Any CPU.Build.0 = Debug|Any CPU
		{F6DDDA1D-A6EE-4892-994B-D449073B212A}.Release|Any CPU.ActiveCfg = Release|Any CPU
		{F6DDDA1D-A6EE-4892-994B-D449073B212A}.Release|Any CPU.Build.0 = Release|Any CPU
		{C025EF67-C24B-4A3F-8C4D-ED07CF27384C}.Debug|Any CPU.ActiveCfg = Debug|Any CPU
		{C025EF67-C24B-4A3F-8C4D-ED07CF27384C}.Debug|Any CPU.Build.0 = Debug|Any CPU
		{C025EF67-C24B-4A3F-8C4D-ED07CF27384C}.Release|Any CPU.ActiveCfg = Release|Any CPU
		{C025EF67-C24B-4A3F-8C4D-ED07CF27384C}.Release|Any CPU.Build.0 = Release|Any CPU
	EndGlobalSection
	GlobalSection(SolutionProperties) = preSolution
		HideSolutionNode = FALSE
	EndGlobalSection
	GlobalSection(ExtensibilityGlobals) = postSolution
		SolutionGuid = {F8C73A11-4763-4328-BDE0-8801C71BF231}
	EndGlobalSection
EndGlobal
