
Microsoft Visual Studio Solution File, Format Version 12.00
# Visual Studio Version 16
VisualStudioVersion = 16.0.30804.86
MinimumVisualStudioVersion = 10.0.40219.1
Project("{FAE04EC0-301F-11D3-BF4B-00C04F79EFBC}") = "Task049", "Task049\Task049.csproj", "{6758590C-9889-414F-8C1F-00B2EEF1F362}"
EndProject
Project("{9A19103F-16F7-4668-BE54-9A1E7A4F7556}") = "Utilities", "..\Utilities\Utilities\Utilities.csproj", "{1B85B923-13CA-4009-BB54-54F9C0D4AE54}"
EndProject
Global
	GlobalSection(SolutionConfigurationPlatforms) = preSolution
		Debug|Any CPU = Debug|Any CPU
		Release|Any CPU = Release|Any CPU
	EndGlobalSection
	GlobalSection(ProjectConfigurationPlatforms) = postSolution
		{6758590C-9889-414F-8C1F-00B2EEF1F362}.Debug|Any CPU.ActiveCfg = Debug|Any CPU
		{6758590C-9889-414F-8C1F-00B2EEF1F362}.Debug|Any CPU.Build.0 = Debug|Any CPU
		{6758590C-9889-414F-8C1F-00B2EEF1F362}.Release|Any CPU.ActiveCfg = Release|Any CPU
		{6758590C-9889-414F-8C1F-00B2EEF1F362}.Release|Any CPU.Build.0 = Release|Any CPU
		{1B85B923-13CA-4009-BB54-54F9C0D4AE54}.Debug|Any CPU.ActiveCfg = Debug|Any CPU
		{1B85B923-13CA-4009-BB54-54F9C0D4AE54}.Debug|Any CPU.Build.0 = Debug|Any CPU
		{1B85B923-13CA-4009-BB54-54F9C0D4AE54}.Release|Any CPU.ActiveCfg = Release|Any CPU
		{1B85B923-13CA-4009-BB54-54F9C0D4AE54}.Release|Any CPU.Build.0 = Release|Any CPU
	EndGlobalSection
	GlobalSection(SolutionProperties) = preSolution
		HideSolutionNode = FALSE
	EndGlobalSection
	GlobalSection(ExtensibilityGlobals) = postSolution
		SolutionGuid = {ABCD1FB0-B150-4011-B279-F01D9967B470}
	EndGlobalSection
EndGlobal
