
Microsoft Visual Studio Solution File, Format Version 12.00
# Visual Studio Version 16
VisualStudioVersion = 16.0.30611.23
MinimumVisualStudioVersion = 10.0.40219.1
Project("{FAE04EC0-301F-11D3-BF4B-00C04F79EFBC}") = "Task009", "Task009\Task009.csproj", "{263319B2-5D86-4226-A464-E6C65E7AEC51}"
EndProject
Global
	GlobalSection(SolutionConfigurationPlatforms) = preSolution
		Debug|Any CPU = Debug|Any CPU
		Release|Any CPU = Release|Any CPU
	EndGlobalSection
	GlobalSection(ProjectConfigurationPlatforms) = postSolution
		{263319B2-5D86-4226-A464-E6C65E7AEC51}.Debug|Any CPU.ActiveCfg = Debug|Any CPU
		{263319B2-5D86-4226-A464-E6C65E7AEC51}.Debug|Any CPU.Build.0 = Debug|Any CPU
		{263319B2-5D86-4226-A464-E6C65E7AEC51}.Release|Any CPU.ActiveCfg = Release|Any CPU
		{263319B2-5D86-4226-A464-E6C65E7AEC51}.Release|Any CPU.Build.0 = Release|Any CPU
	EndGlobalSection
	GlobalSection(SolutionProperties) = preSolution
		HideSolutionNode = FALSE
	EndGlobalSection
	GlobalSection(ExtensibilityGlobals) = postSolution
		SolutionGuid = {6E9B67EF-C0D5-4559-A646-4C98AC2A32C3}
	EndGlobalSection
EndGlobal
