
Microsoft Visual Studio Solution File, Format Version 12.00
# Visual Studio Version 16
VisualStudioVersion = 16.0.30804.86
MinimumVisualStudioVersion = 10.0.40219.1
Project("{FAE04EC0-301F-11D3-BF4B-00C04F79EFBC}") = "Task022", "Task022\Task022.csproj", "{11C49345-E08A-4561-9C28-0A752E4AA3DC}"
EndProject
Global
	GlobalSection(SolutionConfigurationPlatforms) = preSolution
		Debug|Any CPU = Debug|Any CPU
		Release|Any CPU = Release|Any CPU
	EndGlobalSection
	GlobalSection(ProjectConfigurationPlatforms) = postSolution
		{11C49345-E08A-4561-9C28-0A752E4AA3DC}.Debug|Any CPU.ActiveCfg = Debug|Any CPU
		{11C49345-E08A-4561-9C28-0A752E4AA3DC}.Debug|Any CPU.Build.0 = Debug|Any CPU
		{11C49345-E08A-4561-9C28-0A752E4AA3DC}.Release|Any CPU.ActiveCfg = Release|Any CPU
		{11C49345-E08A-4561-9C28-0A752E4AA3DC}.Release|Any CPU.Build.0 = Release|Any CPU
	EndGlobalSection
	GlobalSection(SolutionProperties) = preSolution
		HideSolutionNode = FALSE
	EndGlobalSection
	GlobalSection(ExtensibilityGlobals) = postSolution
		SolutionGuid = {6B031E97-1E7E-4588-9EA8-23C3BC0DD1AD}
	EndGlobalSection
EndGlobal
