
Microsoft Visual Studio Solution File, Format Version 12.00
# Visual Studio Version 16
VisualStudioVersion = 16.0.30611.23
MinimumVisualStudioVersion = 10.0.40219.1
Project("{9A19103F-16F7-4668-BE54-9A1E7A4F7556}") = "Task008", "Task008\Task008.csproj", "{4FFEC4E9-F9A3-4CD9-8B29-46B3525CF2A7}"
EndProject
Global
	GlobalSection(SolutionConfigurationPlatforms) = preSolution
		Debug|Any CPU = Debug|Any CPU
		Release|Any CPU = Release|Any CPU
	EndGlobalSection
	GlobalSection(ProjectConfigurationPlatforms) = postSolution
		{4FFEC4E9-F9A3-4CD9-8B29-46B3525CF2A7}.Debug|Any CPU.ActiveCfg = Debug|Any CPU
		{4FFEC4E9-F9A3-4CD9-8B29-46B3525CF2A7}.Debug|Any CPU.Build.0 = Debug|Any CPU
		{4FFEC4E9-F9A3-4CD9-8B29-46B3525CF2A7}.Release|Any CPU.ActiveCfg = Release|Any CPU
		{4FFEC4E9-F9A3-4CD9-8B29-46B3525CF2A7}.Release|Any CPU.Build.0 = Release|Any CPU
		{99B905E8-C932-4109-833A-255C6A511B69}.Debug|Any CPU.ActiveCfg = Debug|Any CPU
		{99B905E8-C932-4109-833A-255C6A511B69}.Debug|Any CPU.Build.0 = Debug|Any CPU
		{99B905E8-C932-4109-833A-255C6A511B69}.Release|Any CPU.ActiveCfg = Release|Any CPU
		{99B905E8-C932-4109-833A-255C6A511B69}.Release|Any CPU.Build.0 = Release|Any CPU
	EndGlobalSection
	GlobalSection(SolutionProperties) = preSolution
		HideSolutionNode = FALSE
	EndGlobalSection
	GlobalSection(ExtensibilityGlobals) = postSolution
		SolutionGuid = {721EA529-70B6-4057-965B-DFEAFCF5B19B}
	EndGlobalSection
EndGlobal
