
Microsoft Visual Studio Solution File, Format Version 12.00
# Visual Studio Version 16
VisualStudioVersion = 16.0.30804.86
MinimumVisualStudioVersion = 10.0.40219.1
Project("{9A19103F-16F7-4668-BE54-9A1E7A4F7556}") = "Utilities", "..\Utilities\Utilities\Utilities.csproj", "{0073EEB6-FF5D-4C2C-A8C8-647427292903}"
EndProject
Project("{9A19103F-16F7-4668-BE54-9A1E7A4F7556}") = "Task001", "..\Task001\Task001\Task001.csproj", "{57D3E25A-2744-47F6-8AB8-87321047D75F}"
EndProject
Project("{9A19103F-16F7-4668-BE54-9A1E7A4F7556}") = "Task002", "..\Task002\Task002\Task002.csproj", "{00EEF6B7-F5D1-4A48-BB19-6538BA2D4C35}"
EndProject
Project("{9A19103F-16F7-4668-BE54-9A1E7A4F7556}") = "Task003", "..\Task003\Task003\Task003.csproj", "{0A803444-463A-4C72-A4EA-F59FBB9CDFA8}"
EndProject
Project("{9A19103F-16F7-4668-BE54-9A1E7A4F7556}") = "Task004", "..\Task004\Task004\Task004.csproj", "{3A289092-03D5-4474-B8C2-DC5CFEB2C709}"
EndProject
Project("{9A19103F-16F7-4668-BE54-9A1E7A4F7556}") = "Task005", "..\Task005\Task005\Task005.csproj", "{0E5E9517-2C6B-4355-A4CF-394D4116A2C5}"
EndProject
Project("{9A19103F-16F7-4668-BE54-9A1E7A4F7556}") = "Task006", "..\Task006\Task006\Task006.csproj", "{F1AB6FDE-3373-4831-AAEF-99B4A9D6066B}"
EndProject
Project("{9A19103F-16F7-4668-BE54-9A1E7A4F7556}") = "Task007", "..\Task007\Task007\Task007.csproj", "{39685A02-9EDB-4555-91A8-F5D26E82E412}"
EndProject
Project("{9A19103F-16F7-4668-BE54-9A1E7A4F7556}") = "Task008", "..\Task008\Task008\Task008.csproj", "{A2232F4C-2A26-4E5D-A5BA-B35BDCA6924F}"
EndProject
Project("{9A19103F-16F7-4668-BE54-9A1E7A4F7556}") = "Task009", "..\Task009\Task009\Task009.csproj", "{7C681B99-2DEA-4C04-87C6-FF30F31AEEDB}"
EndProject
Project("{9A19103F-16F7-4668-BE54-9A1E7A4F7556}") = "Task010", "..\Task010\Task010\Task010.csproj", "{27D9E8B7-D1E0-45EA-B9AF-0AF3B080C519}"
EndProject
Project("{9A19103F-16F7-4668-BE54-9A1E7A4F7556}") = "Task013", "..\Task013\Task013\Task013.csproj", "{CB19D91B-9B38-4AAF-B064-AA159802F245}"
EndProject
Project("{9A19103F-16F7-4668-BE54-9A1E7A4F7556}") = "Task014", "..\Task014\Task014\Task014.csproj", "{94E2452A-1E6D-4B7B-B01E-529AEA25C98B}"
EndProject
Project("{9A19103F-16F7-4668-BE54-9A1E7A4F7556}") = "Task016", "..\Task016\Task016\Task016.csproj", "{0D976A9A-ECEC-4350-AE86-7E79E37DA71C}"
EndProject
Project("{9A19103F-16F7-4668-BE54-9A1E7A4F7556}") = "Task020", "..\Task020\Task020\Task020.csproj", "{561AF686-7647-4AE7-A11D-55CC7E8A7BF9}"
EndProject
Project("{9A19103F-16F7-4668-BE54-9A1E7A4F7556}") = "Task021", "..\Task021\Task021\Task021.csproj", "{6CD83D48-3DC0-495B-AF5D-D011320C759F}"
EndProject
Project("{9A19103F-16F7-4668-BE54-9A1E7A4F7556}") = "Task024", "..\Task024\Task024\Task024.csproj", "{E2185F1B-F95D-43CD-9EFB-07A48939D546}"
EndProject
Project("{9A19103F-16F7-4668-BE54-9A1E7A4F7556}") = "Task025", "..\Task025\Task025\Task025.csproj", "{05BE245B-4073-487D-9752-DC907C4BD8D5}"
EndProject
Project("{9A19103F-16F7-4668-BE54-9A1E7A4F7556}") = "Task029", "..\Task029\Task029\Task029.csproj", "{FFDD8DD3-7636-4EFB-BA23-F2EC6DF71362}"
EndProject
Project("{9A19103F-16F7-4668-BE54-9A1E7A4F7556}") = "Task030", "..\Task030\Task030\Task030.csproj", "{C798B860-216C-4C9F-99FB-F070DCB58217}"
EndProject
Project("{9A19103F-16F7-4668-BE54-9A1E7A4F7556}") = "Task031", "..\Task031\Task031\Task031.csproj", "{40DD2DEA-0306-44DC-996F-B86994BB0C32}"
EndProject
Project("{9A19103F-16F7-4668-BE54-9A1E7A4F7556}") = "Task032", "..\Task032\Task032\Task032.csproj", "{E1B17918-4655-4635-99A6-D978CDE6BCA2}"
EndProject
Project("{9A19103F-16F7-4668-BE54-9A1E7A4F7556}") = "Task034", "..\Task034\Task034\Task034.csproj", "{A8BDBC0D-EF46-415B-8873-00ECA2F1A98C}"
EndProject
Project("{9A19103F-16F7-4668-BE54-9A1E7A4F7556}") = "Task035", "..\Task035\Task035\Task035.csproj", "{8E465C22-F06B-412E-896A-2135B69885E9}"
EndProject
Project("{9A19103F-16F7-4668-BE54-9A1E7A4F7556}") = "Task041", "..\Task041\Task041\Task041.csproj", "{F79D2AC9-E036-4A92-933D-7379CAA0C2C8}"
EndProject
Project("{9A19103F-16F7-4668-BE54-9A1E7A4F7556}") = "Task045", "..\Task045\Task045\Task045.csproj", "{A4192DD3-A38F-4AC8-BE4A-2340761CBAE3}"
EndProject
Project("{9A19103F-16F7-4668-BE54-9A1E7A4F7556}") = "Task047", "..\Task047\Task047\Task047.csproj", "{FD468A71-D68F-43D2-98D3-3706FE7AE027}"
EndProject
Project("{9A19103F-16F7-4668-BE54-9A1E7A4F7556}") = "Task050", "..\Task050\Task050\Task050.csproj", "{44200ECB-0FF8-4978-ADC6-6E95DD4DAB42}"
EndProject
Project("{9A19103F-16F7-4668-BE54-9A1E7A4F7556}") = "Task052", "..\Task052\Task052\Task052.csproj", "{4A6D8DCB-822C-40B4-857F-F607A1137FC4}"
EndProject
Project("{9A19103F-16F7-4668-BE54-9A1E7A4F7556}") = "Task073", "..\Task073\Task073\Task073.csproj", "{219D1B89-DAAA-489C-958B-96240E025F58}"
EndProject
Project("{9A19103F-16F7-4668-BE54-9A1E7A4F7556}") = "Task087", "..\Task087\Task087\Task087.csproj", "{2A87D7B9-A307-4E68-98A3-1C0771326165}"
EndProject
Project("{9A19103F-16F7-4668-BE54-9A1E7A4F7556}") = "Task092", "..\Task092\Task092\Task092.csproj", "{1C8DDF13-5907-4FED-B343-59AAC48501B7}"
EndProject
Project("{9A19103F-16F7-4668-BE54-9A1E7A4F7556}") = "Task097", "..\Task097\Task097\Task097.csproj", "{8D37F7AA-FC58-43FB-BC9C-DE7D160B7273}"
EndProject
Project("{9A19103F-16F7-4668-BE54-9A1E7A4F7556}") = "Task027", "..\Task027\Task027\Task027.csproj", "{F9127F73-ADA8-479F-884A-D11B71D7D374}"
EndProject
Global
	GlobalSection(SolutionConfigurationPlatforms) = preSolution
		Debug|Any CPU = Debug|Any CPU
		Release|Any CPU = Release|Any CPU
	EndGlobalSection
	GlobalSection(ProjectConfigurationPlatforms) = postSolution
		{0073EEB6-FF5D-4C2C-A8C8-647427292903}.Debug|Any CPU.ActiveCfg = Debug|Any CPU
		{0073EEB6-FF5D-4C2C-A8C8-647427292903}.Debug|Any CPU.Build.0 = Debug|Any CPU
		{0073EEB6-FF5D-4C2C-A8C8-647427292903}.Release|Any CPU.ActiveCfg = Release|Any CPU
		{0073EEB6-FF5D-4C2C-A8C8-647427292903}.Release|Any CPU.Build.0 = Release|Any CPU
		{57D3E25A-2744-47F6-8AB8-87321047D75F}.Debug|Any CPU.ActiveCfg = Debug|Any CPU
		{57D3E25A-2744-47F6-8AB8-87321047D75F}.Debug|Any CPU.Build.0 = Debug|Any CPU
		{57D3E25A-2744-47F6-8AB8-87321047D75F}.Release|Any CPU.ActiveCfg = Release|Any CPU
		{57D3E25A-2744-47F6-8AB8-87321047D75F}.Release|Any CPU.Build.0 = Release|Any CPU
		{00EEF6B7-F5D1-4A48-BB19-6538BA2D4C35}.Debug|Any CPU.ActiveCfg = Debug|Any CPU
		{00EEF6B7-F5D1-4A48-BB19-6538BA2D4C35}.Debug|Any CPU.Build.0 = Debug|Any CPU
		{00EEF6B7-F5D1-4A48-BB19-6538BA2D4C35}.Release|Any CPU.ActiveCfg = Release|Any CPU
		{00EEF6B7-F5D1-4A48-BB19-6538BA2D4C35}.Release|Any CPU.Build.0 = Release|Any CPU
		{0A803444-463A-4C72-A4EA-F59FBB9CDFA8}.Debug|Any CPU.ActiveCfg = Debug|Any CPU
		{0A803444-463A-4C72-A4EA-F59FBB9CDFA8}.Debug|Any CPU.Build.0 = Debug|Any CPU
		{0A803444-463A-4C72-A4EA-F59FBB9CDFA8}.Release|Any CPU.ActiveCfg = Release|Any CPU
		{0A803444-463A-4C72-A4EA-F59FBB9CDFA8}.Release|Any CPU.Build.0 = Release|Any CPU
		{3A289092-03D5-4474-B8C2-DC5CFEB2C709}.Debug|Any CPU.ActiveCfg = Debug|Any CPU
		{3A289092-03D5-4474-B8C2-DC5CFEB2C709}.Debug|Any CPU.Build.0 = Debug|Any CPU
		{3A289092-03D5-4474-B8C2-DC5CFEB2C709}.Release|Any CPU.ActiveCfg = Release|Any CPU
		{3A289092-03D5-4474-B8C2-DC5CFEB2C709}.Release|Any CPU.Build.0 = Release|Any CPU
		{0E5E9517-2C6B-4355-A4CF-394D4116A2C5}.Debug|Any CPU.ActiveCfg = Debug|Any CPU
		{0E5E9517-2C6B-4355-A4CF-394D4116A2C5}.Debug|Any CPU.Build.0 = Debug|Any CPU
		{0E5E9517-2C6B-4355-A4CF-394D4116A2C5}.Release|Any CPU.ActiveCfg = Release|Any CPU
		{0E5E9517-2C6B-4355-A4CF-394D4116A2C5}.Release|Any CPU.Build.0 = Release|Any CPU
		{F1AB6FDE-3373-4831-AAEF-99B4A9D6066B}.Debug|Any CPU.ActiveCfg = Debug|Any CPU
		{F1AB6FDE-3373-4831-AAEF-99B4A9D6066B}.Debug|Any CPU.Build.0 = Debug|Any CPU
		{F1AB6FDE-3373-4831-AAEF-99B4A9D6066B}.Release|Any CPU.ActiveCfg = Release|Any CPU
		{F1AB6FDE-3373-4831-AAEF-99B4A9D6066B}.Release|Any CPU.Build.0 = Release|Any CPU
		{39685A02-9EDB-4555-91A8-F5D26E82E412}.Debug|Any CPU.ActiveCfg = Debug|Any CPU
		{39685A02-9EDB-4555-91A8-F5D26E82E412}.Debug|Any CPU.Build.0 = Debug|Any CPU
		{39685A02-9EDB-4555-91A8-F5D26E82E412}.Release|Any CPU.ActiveCfg = Release|Any CPU
		{39685A02-9EDB-4555-91A8-F5D26E82E412}.Release|Any CPU.Build.0 = Release|Any CPU
		{A2232F4C-2A26-4E5D-A5BA-B35BDCA6924F}.Debug|Any CPU.ActiveCfg = Debug|Any CPU
		{A2232F4C-2A26-4E5D-A5BA-B35BDCA6924F}.Debug|Any CPU.Build.0 = Debug|Any CPU
		{A2232F4C-2A26-4E5D-A5BA-B35BDCA6924F}.Release|Any CPU.ActiveCfg = Release|Any CPU
		{A2232F4C-2A26-4E5D-A5BA-B35BDCA6924F}.Release|Any CPU.Build.0 = Release|Any CPU
		{7C681B99-2DEA-4C04-87C6-FF30F31AEEDB}.Debug|Any CPU.ActiveCfg = Debug|Any CPU
		{7C681B99-2DEA-4C04-87C6-FF30F31AEEDB}.Debug|Any CPU.Build.0 = Debug|Any CPU
		{7C681B99-2DEA-4C04-87C6-FF30F31AEEDB}.Release|Any CPU.ActiveCfg = Release|Any CPU
		{7C681B99-2DEA-4C04-87C6-FF30F31AEEDB}.Release|Any CPU.Build.0 = Release|Any CPU
		{27D9E8B7-D1E0-45EA-B9AF-0AF3B080C519}.Debug|Any CPU.ActiveCfg = Debug|Any CPU
		{27D9E8B7-D1E0-45EA-B9AF-0AF3B080C519}.Debug|Any CPU.Build.0 = Debug|Any CPU
		{27D9E8B7-D1E0-45EA-B9AF-0AF3B080C519}.Release|Any CPU.ActiveCfg = Release|Any CPU
		{27D9E8B7-D1E0-45EA-B9AF-0AF3B080C519}.Release|Any CPU.Build.0 = Release|Any CPU
		{CB19D91B-9B38-4AAF-B064-AA159802F245}.Debug|Any CPU.ActiveCfg = Debug|Any CPU
		{CB19D91B-9B38-4AAF-B064-AA159802F245}.Debug|Any CPU.Build.0 = Debug|Any CPU
		{CB19D91B-9B38-4AAF-B064-AA159802F245}.Release|Any CPU.ActiveCfg = Release|Any CPU
		{CB19D91B-9B38-4AAF-B064-AA159802F245}.Release|Any CPU.Build.0 = Release|Any CPU
		{94E2452A-1E6D-4B7B-B01E-529AEA25C98B}.Debug|Any CPU.ActiveCfg = Debug|Any CPU
		{94E2452A-1E6D-4B7B-B01E-529AEA25C98B}.Debug|Any CPU.Build.0 = Debug|Any CPU
		{94E2452A-1E6D-4B7B-B01E-529AEA25C98B}.Release|Any CPU.ActiveCfg = Release|Any CPU
		{94E2452A-1E6D-4B7B-B01E-529AEA25C98B}.Release|Any CPU.Build.0 = Release|Any CPU
		{0D976A9A-ECEC-4350-AE86-7E79E37DA71C}.Debug|Any CPU.ActiveCfg = Debug|Any CPU
		{0D976A9A-ECEC-4350-AE86-7E79E37DA71C}.Debug|Any CPU.Build.0 = Debug|Any CPU
		{0D976A9A-ECEC-4350-AE86-7E79E37DA71C}.Release|Any CPU.ActiveCfg = Release|Any CPU
		{0D976A9A-ECEC-4350-AE86-7E79E37DA71C}.Release|Any CPU.Build.0 = Release|Any CPU
		{561AF686-7647-4AE7-A11D-55CC7E8A7BF9}.Debug|Any CPU.ActiveCfg = Debug|Any CPU
		{561AF686-7647-4AE7-A11D-55CC7E8A7BF9}.Debug|Any CPU.Build.0 = Debug|Any CPU
		{561AF686-7647-4AE7-A11D-55CC7E8A7BF9}.Release|Any CPU.ActiveCfg = Release|Any CPU
		{561AF686-7647-4AE7-A11D-55CC7E8A7BF9}.Release|Any CPU.Build.0 = Release|Any CPU
		{6CD83D48-3DC0-495B-AF5D-D011320C759F}.Debug|Any CPU.ActiveCfg = Debug|Any CPU
		{6CD83D48-3DC0-495B-AF5D-D011320C759F}.Debug|Any CPU.Build.0 = Debug|Any CPU
		{6CD83D48-3DC0-495B-AF5D-D011320C759F}.Release|Any CPU.ActiveCfg = Release|Any CPU
		{6CD83D48-3DC0-495B-AF5D-D011320C759F}.Release|Any CPU.Build.0 = Release|Any CPU
		{E2185F1B-F95D-43CD-9EFB-07A48939D546}.Debug|Any CPU.ActiveCfg = Debug|Any CPU
		{E2185F1B-F95D-43CD-9EFB-07A48939D546}.Debug|Any CPU.Build.0 = Debug|Any CPU
		{E2185F1B-F95D-43CD-9EFB-07A48939D546}.Release|Any CPU.ActiveCfg = Release|Any CPU
		{E2185F1B-F95D-43CD-9EFB-07A48939D546}.Release|Any CPU.Build.0 = Release|Any CPU
		{05BE245B-4073-487D-9752-DC907C4BD8D5}.Debug|Any CPU.ActiveCfg = Debug|Any CPU
		{05BE245B-4073-487D-9752-DC907C4BD8D5}.Debug|Any CPU.Build.0 = Debug|Any CPU
		{05BE245B-4073-487D-9752-DC907C4BD8D5}.Release|Any CPU.ActiveCfg = Release|Any CPU
		{05BE245B-4073-487D-9752-DC907C4BD8D5}.Release|Any CPU.Build.0 = Release|Any CPU
		{FFDD8DD3-7636-4EFB-BA23-F2EC6DF71362}.Debug|Any CPU.ActiveCfg = Debug|Any CPU
		{FFDD8DD3-7636-4EFB-BA23-F2EC6DF71362}.Debug|Any CPU.Build.0 = Debug|Any CPU
		{FFDD8DD3-7636-4EFB-BA23-F2EC6DF71362}.Release|Any CPU.ActiveCfg = Release|Any CPU
		{FFDD8DD3-7636-4EFB-BA23-F2EC6DF71362}.Release|Any CPU.Build.0 = Release|Any CPU
		{C798B860-216C-4C9F-99FB-F070DCB58217}.Debug|Any CPU.ActiveCfg = Debug|Any CPU
		{C798B860-216C-4C9F-99FB-F070DCB58217}.Debug|Any CPU.Build.0 = Debug|Any CPU
		{C798B860-216C-4C9F-99FB-F070DCB58217}.Release|Any CPU.ActiveCfg = Release|Any CPU
		{C798B860-216C-4C9F-99FB-F070DCB58217}.Release|Any CPU.Build.0 = Release|Any CPU
		{40DD2DEA-0306-44DC-996F-B86994BB0C32}.Debug|Any CPU.ActiveCfg = Debug|Any CPU
		{40DD2DEA-0306-44DC-996F-B86994BB0C32}.Debug|Any CPU.Build.0 = Debug|Any CPU
		{40DD2DEA-0306-44DC-996F-B86994BB0C32}.Release|Any CPU.ActiveCfg = Release|Any CPU
		{40DD2DEA-0306-44DC-996F-B86994BB0C32}.Release|Any CPU.Build.0 = Release|Any CPU
		{E1B17918-4655-4635-99A6-D978CDE6BCA2}.Debug|Any CPU.ActiveCfg = Debug|Any CPU
		{E1B17918-4655-4635-99A6-D978CDE6BCA2}.Debug|Any CPU.Build.0 = Debug|Any CPU
		{E1B17918-4655-4635-99A6-D978CDE6BCA2}.Release|Any CPU.ActiveCfg = Release|Any CPU
		{E1B17918-4655-4635-99A6-D978CDE6BCA2}.Release|Any CPU.Build.0 = Release|Any CPU
		{A8BDBC0D-EF46-415B-8873-00ECA2F1A98C}.Debug|Any CPU.ActiveCfg = Debug|Any CPU
		{A8BDBC0D-EF46-415B-8873-00ECA2F1A98C}.Debug|Any CPU.Build.0 = Debug|Any CPU
		{A8BDBC0D-EF46-415B-8873-00ECA2F1A98C}.Release|Any CPU.ActiveCfg = Release|Any CPU
		{A8BDBC0D-EF46-415B-8873-00ECA2F1A98C}.Release|Any CPU.Build.0 = Release|Any CPU
		{8E465C22-F06B-412E-896A-2135B69885E9}.Debug|Any CPU.ActiveCfg = Debug|Any CPU
		{8E465C22-F06B-412E-896A-2135B69885E9}.Debug|Any CPU.Build.0 = Debug|Any CPU
		{8E465C22-F06B-412E-896A-2135B69885E9}.Release|Any CPU.ActiveCfg = Release|Any CPU
		{8E465C22-F06B-412E-896A-2135B69885E9}.Release|Any CPU.Build.0 = Release|Any CPU
		{F79D2AC9-E036-4A92-933D-7379CAA0C2C8}.Debug|Any CPU.ActiveCfg = Debug|Any CPU
		{F79D2AC9-E036-4A92-933D-7379CAA0C2C8}.Debug|Any CPU.Build.0 = Debug|Any CPU
		{F79D2AC9-E036-4A92-933D-7379CAA0C2C8}.Release|Any CPU.ActiveCfg = Release|Any CPU
		{F79D2AC9-E036-4A92-933D-7379CAA0C2C8}.Release|Any CPU.Build.0 = Release|Any CPU
		{A4192DD3-A38F-4AC8-BE4A-2340761CBAE3}.Debug|Any CPU.ActiveCfg = Debug|Any CPU
		{A4192DD3-A38F-4AC8-BE4A-2340761CBAE3}.Debug|Any CPU.Build.0 = Debug|Any CPU
		{A4192DD3-A38F-4AC8-BE4A-2340761CBAE3}.Release|Any CPU.ActiveCfg = Release|Any CPU
		{A4192DD3-A38F-4AC8-BE4A-2340761CBAE3}.Release|Any CPU.Build.0 = Release|Any CPU
		{FD468A71-D68F-43D2-98D3-3706FE7AE027}.Debug|Any CPU.ActiveCfg = Debug|Any CPU
		{FD468A71-D68F-43D2-98D3-3706FE7AE027}.Debug|Any CPU.Build.0 = Debug|Any CPU
		{FD468A71-D68F-43D2-98D3-3706FE7AE027}.Release|Any CPU.ActiveCfg = Release|Any CPU
		{FD468A71-D68F-43D2-98D3-3706FE7AE027}.Release|Any CPU.Build.0 = Release|Any CPU
		{44200ECB-0FF8-4978-ADC6-6E95DD4DAB42}.Debug|Any CPU.ActiveCfg = Debug|Any CPU
		{44200ECB-0FF8-4978-ADC6-6E95DD4DAB42}.Debug|Any CPU.Build.0 = Debug|Any CPU
		{44200ECB-0FF8-4978-ADC6-6E95DD4DAB42}.Release|Any CPU.ActiveCfg = Release|Any CPU
		{44200ECB-0FF8-4978-ADC6-6E95DD4DAB42}.Release|Any CPU.Build.0 = Release|Any CPU
		{4A6D8DCB-822C-40B4-857F-F607A1137FC4}.Debug|Any CPU.ActiveCfg = Debug|Any CPU
		{4A6D8DCB-822C-40B4-857F-F607A1137FC4}.Debug|Any CPU.Build.0 = Debug|Any CPU
		{4A6D8DCB-822C-40B4-857F-F607A1137FC4}.Release|Any CPU.ActiveCfg = Release|Any CPU
		{4A6D8DCB-822C-40B4-857F-F607A1137FC4}.Release|Any CPU.Build.0 = Release|Any CPU
		{219D1B89-DAAA-489C-958B-96240E025F58}.Debug|Any CPU.ActiveCfg = Debug|Any CPU
		{219D1B89-DAAA-489C-958B-96240E025F58}.Debug|Any CPU.Build.0 = Debug|Any CPU
		{219D1B89-DAAA-489C-958B-96240E025F58}.Release|Any CPU.ActiveCfg = Release|Any CPU
		{219D1B89-DAAA-489C-958B-96240E025F58}.Release|Any CPU.Build.0 = Release|Any CPU
		{2A87D7B9-A307-4E68-98A3-1C0771326165}.Debug|Any CPU.ActiveCfg = Debug|Any CPU
		{2A87D7B9-A307-4E68-98A3-1C0771326165}.Debug|Any CPU.Build.0 = Debug|Any CPU
		{2A87D7B9-A307-4E68-98A3-1C0771326165}.Release|Any CPU.ActiveCfg = Release|Any CPU
		{2A87D7B9-A307-4E68-98A3-1C0771326165}.Release|Any CPU.Build.0 = Release|Any CPU
		{1C8DDF13-5907-4FED-B343-59AAC48501B7}.Debug|Any CPU.ActiveCfg = Debug|Any CPU
		{1C8DDF13-5907-4FED-B343-59AAC48501B7}.Debug|Any CPU.Build.0 = Debug|Any CPU
		{1C8DDF13-5907-4FED-B343-59AAC48501B7}.Release|Any CPU.ActiveCfg = Release|Any CPU
		{1C8DDF13-5907-4FED-B343-59AAC48501B7}.Release|Any CPU.Build.0 = Release|Any CPU
		{8D37F7AA-FC58-43FB-BC9C-DE7D160B7273}.Debug|Any CPU.ActiveCfg = Debug|Any CPU
		{8D37F7AA-FC58-43FB-BC9C-DE7D160B7273}.Debug|Any CPU.Build.0 = Debug|Any CPU
		{8D37F7AA-FC58-43FB-BC9C-DE7D160B7273}.Release|Any CPU.ActiveCfg = Release|Any CPU
		{8D37F7AA-FC58-43FB-BC9C-DE7D160B7273}.Release|Any CPU.Build.0 = Release|Any CPU
		{F9127F73-ADA8-479F-884A-D11B71D7D374}.Debug|Any CPU.ActiveCfg = Debug|Any CPU
		{F9127F73-ADA8-479F-884A-D11B71D7D374}.Debug|Any CPU.Build.0 = Debug|Any CPU
		{F9127F73-ADA8-479F-884A-D11B71D7D374}.Release|Any CPU.ActiveCfg = Release|Any CPU
		{F9127F73-ADA8-479F-884A-D11B71D7D374}.Release|Any CPU.Build.0 = Release|Any CPU
	EndGlobalSection
	GlobalSection(SolutionProperties) = preSolution
		HideSolutionNode = FALSE
	EndGlobalSection
	GlobalSection(ExtensibilityGlobals) = postSolution
		SolutionGuid = {8FD38EE2-D798-49CC-86FB-BD9E525CCAA0}
	EndGlobalSection
EndGlobal
