
Microsoft Visual Studio Solution File, Format Version 12.00
# Visual Studio Version 16
VisualStudioVersion = 16.0.30611.23
MinimumVisualStudioVersion = 10.0.40219.1
Project("{FAE04EC0-301F-11D3-BF4B-00C04F79EFBC}") = "Task031", "Task031\Task031.csproj", "{5F117D08-E065-416C-BFA8-B66948937748}"
EndProject
Global
	GlobalSection(SolutionConfigurationPlatforms) = preSolution
		Debug|Any CPU = Debug|Any CPU
		Release|Any CPU = Release|Any CPU
	EndGlobalSection
	GlobalSection(ProjectConfigurationPlatforms) = postSolution
		{5F117D08-E065-416C-BFA8-B66948937748}.Debug|Any CPU.ActiveCfg = Debug|Any CPU
		{5F117D08-E065-416C-BFA8-B66948937748}.Debug|Any CPU.Build.0 = Debug|Any CPU
		{5F117D08-E065-416C-BFA8-B66948937748}.Release|Any CPU.ActiveCfg = Release|Any CPU
		{5F117D08-E065-416C-BFA8-B66948937748}.Release|Any CPU.Build.0 = Release|Any CPU
	EndGlobalSection
	GlobalSection(SolutionProperties) = preSolution
		HideSolutionNode = FALSE
	EndGlobalSection
	GlobalSection(ExtensibilityGlobals) = postSolution
		SolutionGuid = {5F74EE1E-02AD-4909-88DA-DBACE3508B01}
	EndGlobalSection
EndGlobal
