
Microsoft Visual Studio Solution File, Format Version 12.00
# Visual Studio Version 16
VisualStudioVersion = 16.0.30611.23
MinimumVisualStudioVersion = 10.0.40219.1
Project("{9A19103F-16F7-4668-BE54-9A1E7A4F7556}") = "Task007", "Task007\Task007.csproj", "{300F49B5-2FBB-47CD-B2B0-B4CBE067404B}"
EndProject
Project("{9A19103F-16F7-4668-BE54-9A1E7A4F7556}") = "Utilities", "..\Utilities\Utilities\Utilities.csproj", "{B55A11C5-97CE-4706-A5D7-AA2B59BF1FD5}"
EndProject
Global
	GlobalSection(SolutionConfigurationPlatforms) = preSolution
		Debug|Any CPU = Debug|Any CPU
		Release|Any CPU = Release|Any CPU
	EndGlobalSection
	GlobalSection(ProjectConfigurationPlatforms) = postSolution
		{300F49B5-2FBB-47CD-B2B0-B4CBE067404B}.Debug|Any CPU.ActiveCfg = Debug|Any CPU
		{300F49B5-2FBB-47CD-B2B0-B4CBE067404B}.Debug|Any CPU.Build.0 = Debug|Any CPU
		{300F49B5-2FBB-47CD-B2B0-B4CBE067404B}.Release|Any CPU.ActiveCfg = Release|Any CPU
		{300F49B5-2FBB-47CD-B2B0-B4CBE067404B}.Release|Any CPU.Build.0 = Release|Any CPU
		{B55A11C5-97CE-4706-A5D7-AA2B59BF1FD5}.Debug|Any CPU.ActiveCfg = Debug|Any CPU
		{B55A11C5-97CE-4706-A5D7-AA2B59BF1FD5}.Debug|Any CPU.Build.0 = Debug|Any CPU
		{B55A11C5-97CE-4706-A5D7-AA2B59BF1FD5}.Release|Any CPU.ActiveCfg = Release|Any CPU
		{B55A11C5-97CE-4706-A5D7-AA2B59BF1FD5}.Release|Any CPU.Build.0 = Release|Any CPU
	EndGlobalSection
	GlobalSection(SolutionProperties) = preSolution
		HideSolutionNode = FALSE
	EndGlobalSection
	GlobalSection(ExtensibilityGlobals) = postSolution
		SolutionGuid = {C4FC7C6A-EABA-4C6F-A765-145DA329391C}
	EndGlobalSection
EndGlobal
