
Microsoft Visual Studio Solution File, Format Version 12.00
# Visual Studio Version 16
VisualStudioVersion = 16.0.30804.86
MinimumVisualStudioVersion = 10.0.40219.1
Project("{FAE04EC0-301F-11D3-BF4B-00C04F79EFBC}") = "Task047", "Task047\Task047.csproj", "{EE747228-559E-4B51-905A-B441854203B4}"
EndProject
Project("{9A19103F-16F7-4668-BE54-9A1E7A4F7556}") = "Utilities", "..\Utilities\Utilities\Utilities.csproj", "{9A84B86D-BEC6-4119-B88D-D471F468D6E9}"
EndProject
Global
	GlobalSection(SolutionConfigurationPlatforms) = preSolution
		Debug|Any CPU = Debug|Any CPU
		Release|Any CPU = Release|Any CPU
	EndGlobalSection
	GlobalSection(ProjectConfigurationPlatforms) = postSolution
		{EE747228-559E-4B51-905A-B441854203B4}.Debug|Any CPU.ActiveCfg = Debug|Any CPU
		{EE747228-559E-4B51-905A-B441854203B4}.Debug|Any CPU.Build.0 = Debug|Any CPU
		{EE747228-559E-4B51-905A-B441854203B4}.Release|Any CPU.ActiveCfg = Release|Any CPU
		{EE747228-559E-4B51-905A-B441854203B4}.Release|Any CPU.Build.0 = Release|Any CPU
		{9A84B86D-BEC6-4119-B88D-D471F468D6E9}.Debug|Any CPU.ActiveCfg = Debug|Any CPU
		{9A84B86D-BEC6-4119-B88D-D471F468D6E9}.Debug|Any CPU.Build.0 = Debug|Any CPU
		{9A84B86D-BEC6-4119-B88D-D471F468D6E9}.Release|Any CPU.ActiveCfg = Release|Any CPU
		{9A84B86D-BEC6-4119-B88D-D471F468D6E9}.Release|Any CPU.Build.0 = Release|Any CPU
	EndGlobalSection
	GlobalSection(SolutionProperties) = preSolution
		HideSolutionNode = FALSE
	EndGlobalSection
	GlobalSection(ExtensibilityGlobals) = postSolution
		SolutionGuid = {E309F4AF-FCE4-44D5-9490-CA8F8F3B6947}
	EndGlobalSection
EndGlobal
